// !$*UTF8*$!
{
	archiveVersion = 1;
	classes = {
	};
	objectVersion = 56;
	objects = {

/* Begin PBXBuildFile section */
		FC05758F2973E53F00E532BC /* NetworkStatusSampleApp.swift in Sources */ = {isa = PBXBuildFile; fileRef = FC05758E2973E53F00E532BC /* NetworkStatusSampleApp.swift */; };
		FC0575912973E53F00E532BC /* ContentView.swift in Sources */ = {isa = PBXBuildFile; fileRef = FC0575902973E53F00E532BC /* ContentView.swift */; };
		FC0575932973E54200E532BC /* Assets.xcassets in Resources */ = {isa = PBXBuildFile; fileRef = FC0575922973E54200E532BC /* Assets.xcassets */; };
		FC0575962973E54200E532BC /* Preview Assets.xcassets in Resources */ = {isa = PBXBuildFile; fileRef = FC0575952973E54200E532BC /* Preview Assets.xcassets */; };
		FC05759D2973EB4A00E532BC /* NetworkStatus.swift in Sources */ = {isa = PBXBuildFile; fileRef = FC05759C2973EB4A00E532BC /* NetworkStatus.swift */; };
		FC0575A62974561D00E532BC /* AppDelegate.swift in Sources */ = {isa = PBXBuildFile; fileRef = FC0575A52974561D00E532BC /* AppDelegate.swift */; };
		FC0575A82974561D00E532BC /* SceneDelegate.swift in Sources */ = {isa = PBXBuildFile; fileRef = FC0575A72974561D00E532BC /* SceneDelegate.swift */; };
		FC0575AA2974561D00E532BC /* ViewController.swift in Sources */ = {isa = PBXBuildFile; fileRef = FC0575A92974561D00E532BC /* ViewController.swift */; };
		FC0575AF2974561F00E532BC /* Assets.xcassets in Resources */ = {isa = PBXBuildFile; fileRef = FC0575AE2974561F00E532BC /* Assets.xcassets */; };
		FC0575B22974561F00E532BC /* LaunchScreen.storyboard in Resources */ = {isa = PBXBuildFile; fileRef = FC0575B02974561F00E532BC /* LaunchScreen.storyboard */; };
		FC2A63AF2974585700EABAC2 /* NetworkStatus.swift in Sources */ = {isa = PBXBuildFile; fileRef = FC2A63AE2974585700EABAC2 /* NetworkStatus.swift */; };
		FCFEDEA3297AD736006D7016 /* SampleCode.xcconfig in Resources */ = {isa = PBXBuildFile; fileRef = FCFEDEA2297AD733006D7016 /* SampleCode.xcconfig */; };
		FCFEDEA4297AD737006D7016 /* SampleCode.xcconfig in Resources */ = {isa = PBXBuildFile; fileRef = FCFEDEA2297AD733006D7016 /* SampleCode.xcconfig */; };
/* End PBXBuildFile section */

/* Begin PBXFileReference section */
		FC05758B2973E53F00E532BC /* NWPathMonitorSample.app */ = {isa = PBXFileReference; explicitFileType = wrapper.application; includeInIndex = 0; path = NWPathMonitorSample.app; sourceTree = BUILT_PRODUCTS_DIR; };
		FC05758E2973E53F00E532BC /* NetworkStatusSampleApp.swift */ = {isa = PBXFileReference; lastKnownFileType = sourcecode.swift; path = NetworkStatusSampleApp.swift; sourceTree = "<group>"; };
		FC0575902973E53F00E532BC /* ContentView.swift */ = {isa = PBXFileReference; lastKnownFileType = sourcecode.swift; path = ContentView.swift; sourceTree = "<group>"; };
		FC0575922973E54200E532BC /* Assets.xcassets */ = {isa = PBXFileReference; lastKnownFileType = folder.assetcatalog; path = Assets.xcassets; sourceTree = "<group>"; };
		FC0575952973E54200E532BC /* Preview Assets.xcassets */ = {isa = PBXFileReference; lastKnownFileType = folder.assetcatalog; path = "Preview Assets.xcassets"; sourceTree = "<group>"; };
		FC05759C2973EB4A00E532BC /* NetworkStatus.swift */ = {isa = PBXFileReference; lastKnownFileType = sourcecode.swift; path = NetworkStatus.swift; sourceTree = "<group>"; };
		FC05759E29743F6800E532BC /* Info.plist */ = {isa = PBXFileReference; lastKnownFileType = text.plist.xml; path = Info.plist; sourceTree = "<group>"; };
		FC0575A32974561D00E532BC /* ReachabilitySample.app */ = {isa = PBXFileReference; explicitFileType = wrapper.application; includeInIndex = 0; path = ReachabilitySample.app; sourceTree = BUILT_PRODUCTS_DIR; };
		FC0575A52974561D00E532BC /* AppDelegate.swift */ = {isa = PBXFileReference; lastKnownFileType = sourcecode.swift; path = AppDelegate.swift; sourceTree = "<group>"; };
		FC0575A72974561D00E532BC /* SceneDelegate.swift */ = {isa = PBXFileReference; lastKnownFileType = sourcecode.swift; path = SceneDelegate.swift; sourceTree = "<group>"; };
		FC0575A92974561D00E532BC /* ViewController.swift */ = {isa = PBXFileReference; lastKnownFileType = sourcecode.swift; path = ViewController.swift; sourceTree = "<group>"; };
		FC0575AE2974561F00E532BC /* Assets.xcassets */ = {isa = PBXFileReference; lastKnownFileType = folder.assetcatalog; path = Assets.xcassets; sourceTree = "<group>"; };
		FC0575B12974561F00E532BC /* Base */ = {isa = PBXFileReference; lastKnownFileType = file.storyboard; name = Base; path = Base.lproj/LaunchScreen.storyboard; sourceTree = "<group>"; };
		FC0575B32974561F00E532BC /* Info.plist */ = {isa = PBXFileReference; lastKnownFileType = text.plist.xml; path = Info.plist; sourceTree = "<group>"; };
		FC2A63AE2974585700EABAC2 /* NetworkStatus.swift */ = {isa = PBXFileReference; lastKnownFileType = sourcecode.swift; path = NetworkStatus.swift; sourceTree = "<group>"; };
		FCFEDEA2297AD733006D7016 /* SampleCode.xcconfig */ = {isa = PBXFileReference; lastKnownFileType = text.xcconfig; path = SampleCode.xcconfig; sourceTree = "<group>"; };
/* End PBXFileReference section */

/* Begin PBXFrameworksBuildPhase section */
		FC0575882973E53F00E532BC /* Frameworks */ = {
			isa = PBXFrameworksBuildPhase;
			buildActionMask = 2147483647;
			files = (
			);
			runOnlyForDeploymentPostprocessing = 0;
		};
		FC0575A02974561D00E532BC /* Frameworks */ = {
			isa = PBXFrameworksBuildPhase;
			buildActionMask = 2147483647;
			files = (
			);
			runOnlyForDeploymentPostprocessing = 0;
		};
/* End PBXFrameworksBuildPhase section */

/* Begin PBXGroup section */
		FC0575822973E53F00E532BC = {
			isa = PBXGroup;
			children = (
				FC05758D2973E53F00E532BC /* NetworkStatusSample */,
				FC0575A42974561D00E532BC /* ReachabilitySample */,
				FCFEDEA5297AD85F006D7016 /* Configuration */,
				FC05758C2973E53F00E532BC /* Products */,
			);
			sourceTree = "<group>";
		};
		FC05758C2973E53F00E532BC /* Products */ = {
			isa = PBXGroup;
			children = (
				FC05758B2973E53F00E532BC /* NWPathMonitorSample.app */,
				FC0575A32974561D00E532BC /* ReachabilitySample.app */,
			);
			name = Products;
			sourceTree = "<group>";
		};
		FC05758D2973E53F00E532BC /* NetworkStatusSample */ = {
			isa = PBXGroup;
			children = (
				FCFEDE9E2976F83C006D7016 /* Resources */,
				FC05758E2973E53F00E532BC /* NetworkStatusSampleApp.swift */,
				FC0575902973E53F00E532BC /* ContentView.swift */,
				FC05759C2973EB4A00E532BC /* NetworkStatus.swift */,
			);
			path = NetworkStatusSample;
			sourceTree = "<group>";
		};
		FC0575942973E54200E532BC /* Preview Content */ = {
			isa = PBXGroup;
			children = (
				FC0575952973E54200E532BC /* Preview Assets.xcassets */,
			);
			path = "Preview Content";
			sourceTree = "<group>";
		};
		FC0575A42974561D00E532BC /* ReachabilitySample */ = {
			isa = PBXGroup;
			children = (
				FCFEDEA02976F866006D7016 /* AppDelegate */,
				FCFEDE9F2976F852006D7016 /* Resources */,
				FC0575A92974561D00E532BC /* ViewController.swift */,
				FC2A63AE2974585700EABAC2 /* NetworkStatus.swift */,
			);
			path = ReachabilitySample;
			sourceTree = "<group>";
		};
		FCFEDE9E2976F83C006D7016 /* Resources */ = {
			isa = PBXGroup;
			children = (
				FC0575942973E54200E532BC /* Preview Content */,
				FC0575922973E54200E532BC /* Assets.xcassets */,
				FC05759E29743F6800E532BC /* Info.plist */,
			);
			path = Resources;
			sourceTree = "<group>";
		};
		FCFEDE9F2976F852006D7016 /* Resources */ = {
			isa = PBXGroup;
			children = (
				FC0575AE2974561F00E532BC /* Assets.xcassets */,
				FC0575B02974561F00E532BC /* LaunchScreen.storyboard */,
				FC0575B32974561F00E532BC /* Info.plist */,
			);
			path = Resources;
			sourceTree = "<group>";
		};
		FCFEDEA02976F866006D7016 /* AppDelegate */ = {
			isa = PBXGroup;
			children = (
				FC0575A52974561D00E532BC /* AppDelegate.swift */,
				FC0575A72974561D00E532BC /* SceneDelegate.swift */,
			);
			path = AppDelegate;
			sourceTree = "<group>";
		};
		FCFEDEA5297AD85F006D7016 /* Configuration */ = {
			isa = PBXGroup;
			children = (
				FCFEDEA2297AD733006D7016 /* SampleCode.xcconfig */,
			);
			path = Configuration;
			sourceTree = "<group>";
		};
/* End PBXGroup section */

/* Begin PBXNativeTarget section */
		FC05758A2973E53F00E532BC /* NWPathMonitorSample */ = {
			isa = PBXNativeTarget;
			buildConfigurationList = FC0575992973E54200E532BC /* Build configuration list for PBXNativeTarget "NWPathMonitorSample" */;
			buildPhases = (
				FC0575872973E53F00E532BC /* Sources */,
				FC0575882973E53F00E532BC /* Frameworks */,
				FC0575892973E53F00E532BC /* Resources */,
			);
			buildRules = (
			);
			dependencies = (
			);
			name = NWPathMonitorSample;
			productName = NetworkStatusSample;
			productReference = FC05758B2973E53F00E532BC /* NWPathMonitorSample.app */;
			productType = "com.apple.product-type.application";
		};
		FC0575A22974561D00E532BC /* ReachabilitySample */ = {
			isa = PBXNativeTarget;
			buildConfigurationList = FC0575B42974561F00E532BC /* Build configuration list for PBXNativeTarget "ReachabilitySample" */;
			buildPhases = (
				FC05759F2974561D00E532BC /* Sources */,
				FC0575A02974561D00E532BC /* Frameworks */,
				FC0575A12974561D00E532BC /* Resources */,
			);
			buildRules = (
			);
			dependencies = (
			);
			name = ReachabilitySample;
			productName = ReachabilitySample;
			productReference = FC0575A32974561D00E532BC /* ReachabilitySample.app */;
			productType = "com.apple.product-type.application";
		};
/* End PBXNativeTarget section */

/* Begin PBXProject section */
		FC0575832973E53F00E532BC /* Project object */ = {
			isa = PBXProject;
			attributes = {
				BuildIndependentTargetsInParallel = 1;
				LastSwiftUpdateCheck = 1420;
				LastUpgradeCheck = 1420;
				TargetAttributes = {
					FC05758A2973E53F00E532BC = {
						CreatedOnToolsVersion = 14.2;
					};
					FC0575A22974561D00E532BC = {
						CreatedOnToolsVersion = 14.2;
					};
				};
			};
			buildConfigurationList = FC0575862973E53F00E532BC /* Build configuration list for PBXProject "NetworkStatusSample" */;
			compatibilityVersion = "Xcode 14.0";
			developmentRegion = en;
			hasScannedForEncodings = 0;
			knownRegions = (
				en,
				Base,
			);
			mainGroup = FC0575822973E53F00E532BC;
			productRefGroup = FC05758C2973E53F00E532BC /* Products */;
			projectDirPath = "";
			projectRoot = "";
			targets = (
				FC05758A2973E53F00E532BC /* NWPathMonitorSample */,
				FC0575A22974561D00E532BC /* ReachabilitySample */,
			);
		};
/* End PBXProject section */

/* Begin PBXResourcesBuildPhase section */
		FC0575892973E53F00E532BC /* Resources */ = {
			isa = PBXResourcesBuildPhase;
			buildActionMask = 2147483647;
			files = (
				FC0575962973E54200E532BC /* Preview Assets.xcassets in Resources */,
				FCFEDEA3297AD736006D7016 /* SampleCode.xcconfig in Resources */,
				FC0575932973E54200E532BC /* Assets.xcassets in Resources */,
			);
			runOnlyForDeploymentPostprocessing = 0;
		};
		FC0575A12974561D00E532BC /* Resources */ = {
			isa = PBXResourcesBuildPhase;
			buildActionMask = 2147483647;
			files = (
				FC0575B22974561F00E532BC /* LaunchScreen.storyboard in Resources */,
				FCFEDEA4297AD737006D7016 /* SampleCode.xcconfig in Resources */,
				FC0575AF2974561F00E532BC /* Assets.xcassets in Resources */,
			);
			runOnlyForDeploymentPostprocessing = 0;
		};
/* End PBXResourcesBuildPhase section */

/* Begin PBXSourcesBuildPhase section */
		FC0575872973E53F00E532BC /* Sources */ = {
			isa = PBXSourcesBuildPhase;
			buildActionMask = 2147483647;
			files = (
				FC0575912973E53F00E532BC /* ContentView.swift in Sources */,
				FC05759D2973EB4A00E532BC /* NetworkStatus.swift in Sources */,
				FC05758F2973E53F00E532BC /* NetworkStatusSampleApp.swift in Sources */,
			);
			runOnlyForDeploymentPostprocessing = 0;
		};
		FC05759F2974561D00E532BC /* Sources */ = {
			isa = PBXSourcesBuildPhase;
			buildActionMask = 2147483647;
			files = (
				FC2A63AF2974585700EABAC2 /* NetworkStatus.swift in Sources */,
				FC0575AA2974561D00E532BC /* ViewController.swift in Sources */,
				FC0575A62974561D00E532BC /* AppDelegate.swift in Sources */,
				FC0575A82974561D00E532BC /* SceneDelegate.swift in Sources */,
			);
			runOnlyForDeploymentPostprocessing = 0;
		};
/* End PBXSourcesBuildPhase section */

/* Begin PBXVariantGroup section */
		FC0575B02974561F00E532BC /* LaunchScreen.storyboard */ = {
			isa = PBXVariantGroup;
			children = (
				FC0575B12974561F00E532BC /* Base */,
			);
			name = LaunchScreen.storyboard;
			sourceTree = "<group>";
		};
/* End PBXVariantGroup section */

/* Begin XCBuildConfiguration section */
		FC0575972973E54200E532BC /* Debug */ = {
			isa = XCBuildConfiguration;
			baseConfigurationReference = FCFEDEA2297AD733006D7016 /* SampleCode.xcconfig */;
			buildSettings = {
				ALWAYS_SEARCH_USER_PATHS = NO;
				CLANG_ANALYZER_NONNULL = YES;
				CLANG_ANALYZER_NUMBER_OBJECT_CONVERSION = YES_AGGRESSIVE;
				CLANG_CXX_LANGUAGE_STANDARD = "gnu++20";
				CLANG_ENABLE_MODULES = YES;
				CLANG_ENABLE_OBJC_ARC = YES;
				CLANG_ENABLE_OBJC_WEAK = YES;
				CLANG_WARN_BLOCK_CAPTURE_AUTORELEASING = YES;
				CLANG_WARN_BOOL_CONVERSION = YES;
				CLANG_WARN_COMMA = YES;
				CLANG_WARN_CONSTANT_CONVERSION = YES;
				CLANG_WARN_DEPRECATED_OBJC_IMPLEMENTATIONS = YES;
				CLANG_WARN_DIRECT_OBJC_ISA_USAGE = YES_ERROR;
				CLANG_WARN_DOCUMENTATION_COMMENTS = YES;
				CLANG_WARN_EMPTY_BODY = YES;
				CLANG_WARN_ENUM_CONVERSION = YES;
				CLANG_WARN_INFINITE_RECURSION = YES;
				CLANG_WARN_INT_CONVERSION = YES;
				CLANG_WARN_NON_LITERAL_NULL_CONVERSION = YES;
				CLANG_WARN_OBJC_IMPLICIT_RETAIN_SELF = YES;
				CLANG_WARN_OBJC_LITERAL_CONVERSION = YES;
				CLANG_WARN_OBJC_ROOT_CLASS = YES_ERROR;
				CLANG_WARN_QUOTED_INCLUDE_IN_FRAMEWORK_HEADER = YES;
				CLANG_WARN_RANGE_LOOP_ANALYSIS = YES;
				CLANG_WARN_STRICT_PROTOTYPES = YES;
				CLANG_WARN_SUSPICIOUS_MOVE = YES;
				CLANG_WARN_UNGUARDED_AVAILABILITY = YES_AGGRESSIVE;
				CLANG_WARN_UNREACHABLE_CODE = YES;
				CLANG_WARN__DUPLICATE_METHOD_MATCH = YES;
				COPY_PHASE_STRIP = NO;
				DEBUG_INFORMATION_FORMAT = dwarf;
				ENABLE_STRICT_OBJC_MSGSEND = YES;
				ENABLE_TESTABILITY = YES;
				GCC_C_LANGUAGE_STANDARD = gnu11;
				GCC_DYNAMIC_NO_PIC = NO;
				GCC_NO_COMMON_BLOCKS = YES;
				GCC_OPTIMIZATION_LEVEL = 0;
				GCC_PREPROCESSOR_DEFINITIONS = (
					"DEBUG=1",
					"$(inherited)",
				);
				GCC_WARN_64_TO_32_BIT_CONVERSION = YES;
				GCC_WARN_ABOUT_RETURN_TYPE = YES_ERROR;
				GCC_WARN_UNDECLARED_SELECTOR = YES;
				GCC_WARN_UNINITIALIZED_AUTOS = YES_AGGRESSIVE;
				GCC_WARN_UNUSED_FUNCTION = YES;
				GCC_WARN_UNUSED_VARIABLE = YES;
				IPHONEOS_DEPLOYMENT_TARGET = 14.0;
				MTL_ENABLE_DEBUG_INFO = INCLUDE_SOURCE;
				MTL_FAST_MATH = YES;
				ONLY_ACTIVE_ARCH = YES;
				SDKROOT = iphoneos;
				SWIFT_ACTIVE_COMPILATION_CONDITIONS = DEBUG;
				SWIFT_OPTIMIZATION_LEVEL = "-Onone";
			};
			name = Debug;
		};
		FC0575982973E54200E532BC /* Release */ = {
			isa = XCBuildConfiguration;
			baseConfigurationReference = FCFEDEA2297AD733006D7016 /* SampleCode.xcconfig */;
			buildSettings = {
				ALWAYS_SEARCH_USER_PATHS = NO;
				CLANG_ANALYZER_NONNULL = YES;
				CLANG_ANALYZER_NUMBER_OBJECT_CONVERSION = YES_AGGRESSIVE;
				CLANG_CXX_LANGUAGE_STANDARD = "gnu++20";
				CLANG_ENABLE_MODULES = YES;
				CLANG_ENABLE_OBJC_ARC = YES;
				CLANG_ENABLE_OBJC_WEAK = YES;
				CLANG_WARN_BLOCK_CAPTURE_AUTORELEASING = YES;
				CLANG_WARN_BOOL_CONVERSION = YES;
				CLANG_WARN_COMMA = YES;
				CLANG_WARN_CONSTANT_CONVERSION = YES;
				CLANG_WARN_DEPRECATED_OBJC_IMPLEMENTATIONS = YES;
				CLANG_WARN_DIRECT_OBJC_ISA_USAGE = YES_ERROR;
				CLANG_WARN_DOCUMENTATION_COMMENTS = YES;
				CLANG_WARN_EMPTY_BODY = YES;
				CLANG_WARN_ENUM_CONVERSION = YES;
				CLANG_WARN_INFINITE_RECURSION = YES;
				CLANG_WARN_INT_CONVERSION = YES;
				CLANG_WARN_NON_LITERAL_NULL_CONVERSION = YES;
				CLANG_WARN_OBJC_IMPLICIT_RETAIN_SELF = YES;
				CLANG_WARN_OBJC_LITERAL_CONVERSION = YES;
				CLANG_WARN_OBJC_ROOT_CLASS = YES_ERROR;
				CLANG_WARN_QUOTED_INCLUDE_IN_FRAMEWORK_HEADER = YES;
				CLANG_WARN_RANGE_LOOP_ANALYSIS = YES;
				CLANG_WARN_STRICT_PROTOTYPES = YES;
				CLANG_WARN_SUSPICIOUS_MOVE = YES;
				CLANG_WARN_UNGUARDED_AVAILABILITY = YES_AGGRESSIVE;
				CLANG_WARN_UNREACHABLE_CODE = YES;
				CLANG_WARN__DUPLICATE_METHOD_MATCH = YES;
				COPY_PHASE_STRIP = NO;
				DEBUG_INFORMATION_FORMAT = "dwarf-with-dsym";
				ENABLE_NS_ASSERTIONS = NO;
				ENABLE_STRICT_OBJC_MSGSEND = YES;
				GCC_C_LANGUAGE_STANDARD = gnu11;
				GCC_NO_COMMON_BLOCKS = YES;
				GCC_WARN_64_TO_32_BIT_CONVERSION = YES;
				GCC_WARN_ABOUT_RETURN_TYPE = YES_ERROR;
				GCC_WARN_UNDECLARED_SELECTOR = YES;
				GCC_WARN_UNINITIALIZED_AUTOS = YES_AGGRESSIVE;
				GCC_WARN_UNUSED_FUNCTION = YES;
				GCC_WARN_UNUSED_VARIABLE = YES;
				IPHONEOS_DEPLOYMENT_TARGET = 14.0;
				MTL_ENABLE_DEBUG_INFO = NO;
				MTL_FAST_MATH = YES;
				SDKROOT = iphoneos;
				SWIFT_COMPILATION_MODE = wholemodule;
				SWIFT_OPTIMIZATION_LEVEL = "-O";
				VALIDATE_PRODUCT = YES;
			};
			name = Release;
		};
		FC05759A2973E54200E532BC /* Debug */ = {
			isa = XCBuildConfiguration;
			buildSettings = {
				ASSETCATALOG_COMPILER_APPICON_NAME = AppIcon;
				ASSETCATALOG_COMPILER_GLOBAL_ACCENT_COLOR_NAME = AccentColor;
				CODE_SIGN_STYLE = Automatic;
				CURRENT_PROJECT_VERSION = 1;
				DEVELOPMENT_ASSET_PATHS = "\"NetworkStatusSample/Resources/Preview Content\"";
				DEVELOPMENT_TEAM = 6DJ8J7F57R;
				ENABLE_PREVIEWS = YES;
				GENERATE_INFOPLIST_FILE = YES;
				INFOPLIST_FILE = NetworkStatusSample/Resources/Info.plist;
				INFOPLIST_KEY_UIApplicationSupportsIndirectInputEvents = YES;
				INFOPLIST_KEY_UILaunchScreen_Generation = YES;
				INFOPLIST_KEY_UISupportedInterfaceOrientations_iPad = "UIInterfaceOrientationPortrait UIInterfaceOrientationPortraitUpsideDown UIInterfaceOrientationLandscapeLeft UIInterfaceOrientationLandscapeRight";
				INFOPLIST_KEY_UISupportedInterfaceOrientations_iPhone = "UIInterfaceOrientationPortrait UIInterfaceOrientationLandscapeLeft UIInterfaceOrientationLandscapeRight";
				IPHONEOS_DEPLOYMENT_TARGET = 14.0;
				LD_RUNPATH_SEARCH_PATHS = (
					"$(inherited)",
					"@executable_path/Frameworks",
				);
				MARKETING_VERSION = 1.0;
				PRODUCT_BUNDLE_IDENTIFIER = "com.bingkuo.NetworkStatusSample${SAMPLE_CODE_DISAMBIGUATOR}";
				PRODUCT_NAME = "$(TARGET_NAME)";
				SWIFT_EMIT_LOC_STRINGS = YES;
				SWIFT_VERSION = 5.0;
				TARGETED_DEVICE_FAMILY = "1,2";
			};
			name = Debug;
		};
		FC05759B2973E54200E532BC /* Release */ = {
			isa = XCBuildConfiguration;
			buildSettings = {
				ASSETCATALOG_COMPILER_APPICON_NAME = AppIcon;
				ASSETCATALOG_COMPILER_GLOBAL_ACCENT_COLOR_NAME = AccentColor;
				CODE_SIGN_STYLE = Automatic;
				CURRENT_PROJECT_VERSION = 1;
				DEVELOPMENT_ASSET_PATHS = "\"NetworkStatusSample/Resources/Preview Content\"";
				DEVELOPMENT_TEAM = 6DJ8J7F57R;
				ENABLE_PREVIEWS = YES;
				GENERATE_INFOPLIST_FILE = YES;
				INFOPLIST_FILE = NetworkStatusSample/Resources/Info.plist;
				INFOPLIST_KEY_UIApplicationSupportsIndirectInputEvents = YES;
				INFOPLIST_KEY_UILaunchScreen_Generation = YES;
				INFOPLIST_KEY_UISupportedInterfaceOrientations_iPad = "UIInterfaceOrientationPortrait UIInterfaceOrientationPortraitUpsideDown UIInterfaceOrientationLandscapeLeft UIInterfaceOrientationLandscapeRight";
				INFOPLIST_KEY_UISupportedInterfaceOrientations_iPhone = "UIInterfaceOrientationPortrait UIInterfaceOrientationLandscapeLeft UIInterfaceOrientationLandscapeRight";
				IPHONEOS_DEPLOYMENT_TARGET = 14.0;
				LD_RUNPATH_SEARCH_PATHS = (
					"$(inherited)",
					"@executable_path/Frameworks",
				);
				MARKETING_VERSION = 1.0;
				PRODUCT_BUNDLE_IDENTIFIER = "com.bingkuo.NetworkStatusSample${SAMPLE_CODE_DISAMBIGUATOR}";
				PRODUCT_NAME = "$(TARGET_NAME)";
				SWIFT_EMIT_LOC_STRINGS = YES;
				SWIFT_VERSION = 5.0;
				TARGETED_DEVICE_FAMILY = "1,2";
			};
			name = Release;
		};
		FC0575B52974561F00E532BC /* Debug */ = {
			isa = XCBuildConfiguration;
			buildSettings = {
				ASSETCATALOG_COMPILER_APPICON_NAME = AppIcon;
				ASSETCATALOG_COMPILER_GLOBAL_ACCENT_COLOR_NAME = AccentColor;
				CODE_SIGN_IDENTITY = "Apple Development";
				CODE_SIGN_STYLE = Automatic;
				CURRENT_PROJECT_VERSION = 1;
				DEVELOPMENT_TEAM = 6DJ8J7F57R;
				GENERATE_INFOPLIST_FILE = YES;
				INFOPLIST_FILE = ReachabilitySample/Resources/Info.plist;
				INFOPLIST_KEY_UIApplicationSupportsIndirectInputEvents = YES;
				INFOPLIST_KEY_UILaunchStoryboardName = LaunchScreen;
				INFOPLIST_KEY_UISupportedInterfaceOrientations_iPad = "UIInterfaceOrientationPortrait UIInterfaceOrientationPortraitUpsideDown UIInterfaceOrientationLandscapeLeft UIInterfaceOrientationLandscapeRight";
				INFOPLIST_KEY_UISupportedInterfaceOrientations_iPhone = "UIInterfaceOrientationPortrait UIInterfaceOrientationLandscapeLeft UIInterfaceOrientationLandscapeRight";
				IPHONEOS_DEPLOYMENT_TARGET = 11.0;
				LD_RUNPATH_SEARCH_PATHS = (
					"$(inherited)",
					"@executable_path/Frameworks",
				);
				MARKETING_VERSION = 1.0;
				PRODUCT_BUNDLE_IDENTIFIER = "com.bingkuo.ReachabilitySample${SAMPLE_CODE_DISAMBIGUATOR}";
				PRODUCT_NAME = "$(TARGET_NAME)";
				PROVISIONING_PROFILE_SPECIFIER = "";
				SWIFT_EMIT_LOC_STRINGS = YES;
				SWIFT_VERSION = 5.0;
				TARGETED_DEVICE_FAMILY = "1,2";
			};
			name = Debug;
		};
		FC0575B62974561F00E532BC /* Release */ = {
			isa = XCBuildConfiguration;
			buildSettings = {
				ASSETCATALOG_COMPILER_APPICON_NAME = AppIcon;
				ASSETCATALOG_COMPILER_GLOBAL_ACCENT_COLOR_NAME = AccentColor;
				CODE_SIGN_IDENTITY = "Apple Development";
				CODE_SIGN_STYLE = Automatic;
				CURRENT_PROJECT_VERSION = 1;
				DEVELOPMENT_TEAM = 6DJ8J7F57R;
				GENERATE_INFOPLIST_FILE = YES;
				INFOPLIST_FILE = ReachabilitySample/Resources/Info.plist;
				INFOPLIST_KEY_UIApplicationSupportsIndirectInputEvents = YES;
				INFOPLIST_KEY_UILaunchStoryboardName = LaunchScreen;
				INFOPLIST_KEY_UISupportedInterfaceOrientations_iPad = "UIInterfaceOrientationPortrait UIInterfaceOrientationPortraitUpsideDown UIInterfaceOrientationLandscapeLeft UIInterfaceOrientationLandscapeRight";
				INFOPLIST_KEY_UISupportedInterfaceOrientations_iPhone = "UIInterfaceOrientationPortrait UIInterfaceOrientationLandscapeLeft UIInterfaceOrientationLandscapeRight";
				IPHONEOS_DEPLOYMENT_TARGET = 11.0;
				LD_RUNPATH_SEARCH_PATHS = (
					"$(inherited)",
					"@executable_path/Frameworks",
				);
				MARKETING_VERSION = 1.0;
				PRODUCT_BUNDLE_IDENTIFIER = "com.bingkuo.ReachabilitySample${SAMPLE_CODE_DISAMBIGUATOR}";
				PRODUCT_NAME = "$(TARGET_NAME)";
				PROVISIONING_PROFILE_SPECIFIER = "";
				SWIFT_EMIT_LOC_STRINGS = YES;
				SWIFT_VERSION = 5.0;
				TARGETED_DEVICE_FAMILY = "1,2";
			};
			name = Release;
		};
/* End XCBuildConfiguration section */

/* Begin XCConfigurationList section */
		FC0575862973E53F00E532BC /* Build configuration list for PBXProject "NetworkStatusSample" */ = {
			isa = XCConfigurationList;
			buildConfigurations = (
				FC0575972973E54200E532BC /* Debug */,
				FC0575982973E54200E532BC /* Release */,
			);
			defaultConfigurationIsVisible = 0;
			defaultConfigurationName = Release;
		};
		FC0575992973E54200E532BC /* Build configuration list for PBXNativeTarget "NWPathMonitorSample" */ = {
			isa = XCConfigurationList;
			buildConfigurations = (
				FC05759A2973E54200E532BC /* Debug */,
				FC05759B2973E54200E532BC /* Release */,
			);
			defaultConfigurationIsVisible = 0;
			defaultConfigurationName = Release;
		};
		FC0575B42974561F00E532BC /* Build configuration list for PBXNativeTarget "ReachabilitySample" */ = {
			isa = XCConfigurationList;
			buildConfigurations = (
				FC0575B52974561F00E532BC /* Debug */,
				FC0575B62974561F00E532BC /* Release */,
			);
			defaultConfigurationIsVisible = 0;
			defaultConfigurationName = Release;
		};
/* End XCConfigurationList section */
	};
	rootObject = FC0575832973E53F00E532BC /* Project object */;
}
